// !$*UTF8*$!
{
	archiveVersion = 1;
	classes = {
	};
	objectVersion = 46;
	objects = {

/* Begin PBXBuildFile section */
		1C30C02A1943E838009247CA /* MainStoryboard.storyboard in Resources */ = {isa = PBXBuildFile; fileRef = 1C30C0281943E838009247CA /* MainStoryboard.storyboard */; };
		1C30C02B1943E838009247CA /* FeedViewController.swift in Sources */ = {isa = PBXBuildFile; fileRef = 1C30C0291943E838009247CA /* FeedViewController.swift */; };
		1C94E3C01943D51800261E54 /* AppDelegate.swift in Sources */ = {isa = PBXBuildFile; fileRef = 1C94E3BF1943D51800261E54 /* AppDelegate.swift */; };
		1C94E3C21943D51800261E54 /* Images.xcassets in Resources */ = {isa = PBXBuildFile; fileRef = 1C94E3C11943D51800261E54 /* Images.xcassets */; };
/* End PBXBuildFile section */

/* Begin PBXContainerItemProxy section */
		1C94E3C81943D51800261E54 /* PBXContainerItemProxy */ = {
			isa = PBXContainerItemProxy;
			containerPortal = 1C94E3B21943D51700261E54 /* Project object */;
			proxyType = 1;
			remoteGlobalIDString = 1C94E3B91943D51800261E54;
			remoteInfo = HackerNewsReader;
		};
		1C94E3D71943D52A00261E54 /* PBXContainerItemProxy */ = {
			isa = PBXContainerItemProxy;
			containerPortal = 1C94E3B21943D51700261E54 /* Project object */;
			proxyType = 1;
			remoteGlobalIDString = 1C94E3B91943D51800261E54;
			remoteInfo = HackerNewsReader;
		};
/* End PBXContainerItemProxy section */

/* Begin PBXFileReference section */
		1C30C0281943E838009247CA /* MainStoryboard.storyboard */ = {isa = PBXFileReference; fileEncoding = 4; lastKnownFileType = file.storyboard; path = MainStoryboard.storyboard; sourceTree = "<group>"; };
		1C30C0291943E838009247CA /* FeedViewController.swift */ = {isa = PBXFileReference; fileEncoding = 4; lastKnownFileType = sourcecode.swift; path = FeedViewController.swift; sourceTree = "<group>"; };
		1C94E3BA1943D51800261E54 /* HackerNewsReader.app */ = {isa = PBXFileReference; explicitFileType = wrapper.application; includeInIndex = 0; path = HackerNewsReader.app; sourceTree = BUILT_PRODUCTS_DIR; };
		1C94E3BE1943D51800261E54 /* Info.plist */ = {isa = PBXFileReference; lastKnownFileType = text.plist.xml; path = Info.plist; sourceTree = "<group>"; };
		1C94E3BF1943D51800261E54 /* AppDelegate.swift */ = {isa = PBXFileReference; lastKnownFileType = sourcecode.swift; path = AppDelegate.swift; sourceTree = "<group>"; };
		1C94E3C11943D51800261E54 /* Images.xcassets */ = {isa = PBXFileReference; lastKnownFileType = folder.assetcatalog; path = Images.xcassets; sourceTree = "<group>"; };
		1C94E3C71943D51800261E54 /* HackerNewsReaderTests.xctest */ = {isa = PBXFileReference; explicitFileType = wrapper.cfbundle; includeInIndex = 0; path = HackerNewsReaderTests.xctest; sourceTree = BUILT_PRODUCTS_DIR; };
/* End PBXFileReference section */

/* Begin PBXFrameworksBuildPhase section */
		1C94E3B71943D51800261E54 /* Frameworks */ = {
			isa = PBXFrameworksBuildPhase;
			buildActionMask = 2147483647;
			files = (
			);
			runOnlyForDeploymentPostprocessing = 0;
		};
		1C94E3C41943D51800261E54 /* Frameworks */ = {
			isa = PBXFrameworksBuildPhase;
			buildActionMask = 2147483647;
			files = (
			);
			runOnlyForDeploymentPostprocessing = 0;
		};
/* End PBXFrameworksBuildPhase section */

/* Begin PBXGroup section */
		1C94E3B11943D51700261E54 = {
			isa = PBXGroup;
			children = (
				1C94E3BC1943D51800261E54 /* HackerNewsReader */,
				1C94E3BB1943D51800261E54 /* Products */,
			);
			sourceTree = "<group>";
		};
		1C94E3BB1943D51800261E54 /* Products */ = {
			isa = PBXGroup;
			children = (
				1C94E3BA1943D51800261E54 /* HackerNewsReader.app */,
				1C94E3C71943D51800261E54 /* HackerNewsReaderTests.xctest */,
			);
			name = Products;
			sourceTree = "<group>";
		};
		1C94E3BC1943D51800261E54 /* HackerNewsReader */ = {
			isa = PBXGroup;
			children = (
				1C30C0281943E838009247CA /* MainStoryboard.storyboard */,
				1C30C0291943E838009247CA /* FeedViewController.swift */,
				1C94E3BF1943D51800261E54 /* AppDelegate.swift */,
				1C94E3C11943D51800261E54 /* Images.xcassets */,
				1C94E3BD1943D51800261E54 /* Supporting Files */,
			);
			path = HackerNewsReader;
			sourceTree = "<group>";
		};
		1C94E3BD1943D51800261E54 /* Supporting Files */ = {
			isa = PBXGroup;
			children = (
				1C94E3BE1943D51800261E54 /* Info.plist */,
			);
			name = "Supporting Files";
			sourceTree = "<group>";
		};
/* End PBXGroup section */

/* Begin PBXNativeTarget section */
		1C94E3B91943D51800261E54 /* HackerNewsReader */ = {
			isa = PBXNativeTarget;
			buildConfigurationList = 1C94E3D11943D51800261E54 /* Build configuration list for PBXNativeTarget "HackerNewsReader" */;
			buildPhases = (
				1C94E3B61943D51800261E54 /* Sources */,
				1C94E3B71943D51800261E54 /* Frameworks */,
				1C94E3B81943D51800261E54 /* Resources */,
			);
			buildRules = (
			);
			dependencies = (
			);
			name = HackerNewsReader;
			productName = HackerNewsReader;
			productReference = 1C94E3BA1943D51800261E54 /* HackerNewsReader.app */;
			productType = "com.apple.product-type.application";
		};
		1C94E3C61943D51800261E54 /* HackerNewsReaderTests */ = {
			isa = PBXNativeTarget;
			buildConfigurationList = 1C94E3D41943D51800261E54 /* Build configuration list for PBXNativeTarget "HackerNewsReaderTests" */;
			buildPhases = (
				1C94E3C31943D51800261E54 /* Sources */,
				1C94E3C41943D51800261E54 /* Frameworks */,
				1C94E3C51943D51800261E54 /* Resources */,
			);
			buildRules = (
			);
			dependencies = (
				1C94E3C91943D51800261E54 /* PBXTargetDependency */,
				1C94E3D81943D52A00261E54 /* PBXTargetDependency */,
			);
			name = HackerNewsReaderTests;
			productName = HackerNewsReaderTests;
			productReference = 1C94E3C71943D51800261E54 /* HackerNewsReaderTests.xctest */;
			productType = "com.apple.product-type.bundle.unit-test";
		};
/* End PBXNativeTarget section */

/* Begin PBXProject section */
		1C94E3B21943D51700261E54 /* Project object */ = {
			isa = PBXProject;
			attributes = {
				LastUpgradeCheck = 0600;
				ORGANIZATIONNAME = "Jesús";
				TargetAttributes = {
					1C94E3B91943D51800261E54 = {
						CreatedOnToolsVersion = 6.0;
					};
					1C94E3C61943D51800261E54 = {
						CreatedOnToolsVersion = 6.0;
						TestTargetID = 1C94E3B91943D51800261E54;
					};
				};
			};
			buildConfigurationList = 1C94E3B51943D51700261E54 /* Build configuration list for PBXProject "HackerNewsReader" */;
			compatibilityVersion = "Xcode 3.2";
			developmentRegion = English;
			hasScannedForEncodings = 0;
			knownRegions = (
				en,
			);
			mainGroup = 1C94E3B11943D51700261E54;
			productRefGroup = 1C94E3BB1943D51800261E54 /* Products */;
			projectDirPath = "";
			projectRoot = "";
			targets = (
				1C94E3B91943D51800261E54 /* HackerNewsReader */,
				1C94E3C61943D51800261E54 /* HackerNewsReaderTests */,
			);
		};
/* End PBXProject section */

/* Begin PBXResourcesBuildPhase section */
		1C94E3B81943D51800261E54 /* Resources */ = {
			isa = PBXResourcesBuildPhase;
			buildActionMask = 2147483647;
			files = (
				1C30C02A1943E838009247CA /* MainStoryboard.storyboard in Resources */,
				1C94E3C21943D51800261E54 /* Images.xcassets in Resources */,
			);
			runOnlyForDeploymentPostprocessing = 0;
		};
		1C94E3C51943D51800261E54 /* Resources */ = {
			isa = PBXResourcesBuildPhase;
			buildActionMask = 2147483647;
			files = (
			);
			runOnlyForDeploymentPostprocessing = 0;
		};
/* End PBXResourcesBuildPhase section */

/* Begin PBXSourcesBuildPhase section */
		1C94E3B61943D51800261E54 /* Sources */ = {
			isa = PBXSourcesBuildPhase;
			buildActionMask = 2147483647;
			files = (
				1C30C02B1943E838009247CA /* FeedViewController.swift in Sources */,
				1C94E3C01943D51800261E54 /* AppDelegate.swift in Sources */,
			);
			runOnlyForDeploymentPostprocessing = 0;
		};
		1C94E3C31943D51800261E54 /* Sources */ = {
			isa = PBXSourcesBuildPhase;
			buildActionMask = 2147483647;
			files = (
			);
			runOnlyForDeploymentPostprocessing = 0;
		};
/* End PBXSourcesBuildPhase section */

/* Begin PBXTargetDependency section */
		1C94E3C91943D51800261E54 /* PBXTargetDependency */ = {
			isa = PBXTargetDependency;
			target = 1C94E3B91943D51800261E54 /* HackerNewsReader */;
			targetProxy = 1C94E3C81943D51800261E54 /* PBXContainerItemProxy */;
		};
		1C94E3D81943D52A00261E54 /* PBXTargetDependency */ = {
			isa = PBXTargetDependency;
			target = 1C94E3B91943D51800261E54 /* HackerNewsReader */;
			targetProxy = 1C94E3D71943D52A00261E54 /* PBXContainerItemProxy */;
		};
/* End PBXTargetDependency section */

/* Begin XCBuildConfiguration section */
		1C94E3CF1943D51800261E54 /* Debug */ = {
			isa = XCBuildConfiguration;
			buildSettings = {
				ALWAYS_SEARCH_USER_PATHS = NO;
				CLANG_CXX_LANGUAGE_STANDARD = "gnu++0x";
				CLANG_CXX_LIBRARY = "libc++";
				CLANG_ENABLE_MODULES = YES;
				CLANG_ENABLE_OBJC_ARC = YES;
				CLANG_WARN_BOOL_CONVERSION = YES;
				CLANG_WARN_CONSTANT_CONVERSION = YES;
				CLANG_WARN_DIRECT_OBJC_ISA_USAGE = YES_ERROR;
				CLANG_WARN_EMPTY_BODY = YES;
				CLANG_WARN_ENUM_CONVERSION = YES;
				CLANG_WARN_INT_CONVERSION = YES;
				CLANG_WARN_OBJC_ROOT_CLASS = YES_ERROR;
				CLANG_WARN_UNREACHABLE_CODE = YES;
				CLANG_WARN__DUPLICATE_METHOD_MATCH = YES;
				"CODE_SIGN_IDENTITY[sdk=iphoneos*]" = "iPhone Developer";
				COPY_PHASE_STRIP = NO;
				ENABLE_STRICT_OBJC_MSGSEND = YES;
				GCC_C_LANGUAGE_STANDARD = gnu99;
				GCC_DYNAMIC_NO_PIC = NO;
				GCC_OPTIMIZATION_LEVEL = 0;
				GCC_PREPROCESSOR_DEFINITIONS = (
					"DEBUG=1",
					"$(inherited)",
				);
				GCC_SYMBOLS_PRIVATE_EXTERN = NO;
				GCC_WARN_64_TO_32_BIT_CONVERSION = YES;
				GCC_WARN_ABOUT_RETURN_TYPE = YES_ERROR;
				GCC_WARN_UNDECLARED_SELECTOR = YES;
				GCC_WARN_UNINITIALIZED_AUTOS = YES_AGGRESSIVE;
				GCC_WARN_UNUSED_FUNCTION = YES;
				GCC_WARN_UNUSED_VARIABLE = YES;
				IPHONEOS_DEPLOYMENT_TARGET = 8.0;
				METAL_ENABLE_DEBUG_INFO = YES;
				ONLY_ACTIVE_ARCH = YES;
				SDKROOT = iphoneos;
				SWIFT_OPTIMIZATION_LEVEL = "-Onone";
			};
			name = Debug;
		};
		1C94E3D01943D51800261E54 /* Release */ = {
			isa = XCBuildConfiguration;
			buildSettings = {
				ALWAYS_SEARCH_USER_PATHS = NO;
				CLANG_CXX_LANGUAGE_STANDARD = "gnu++0x";
				CLANG_CXX_LIBRARY = "libc++";
				CLANG_ENABLE_MODULES = YES;
				CLANG_ENABLE_OBJC_ARC = YES;
				CLANG_WARN_BOOL_CONVERSION = YES;
				CLANG_WARN_CONSTANT_CONVERSION = YES;
				CLANG_WARN_DIRECT_OBJC_ISA_USAGE = YES_ERROR;
				CLANG_WARN_EMPTY_BODY = YES;
				CLANG_WARN_ENUM_CONVERSION = YES;
				CLANG_WARN_INT_CONVERSION = YES;
				CLANG_WARN_OBJC_ROOT_CLASS = YES_ERROR;
				CLANG_WARN_UNREACHABLE_CODE = YES;
				CLANG_WARN__DUPLICATE_METHOD_MATCH = YES;
				"CODE_SIGN_IDENTITY[sdk=iphoneos*]" = "iPhone Developer";
				COPY_PHASE_STRIP = YES;
				ENABLE_NS_ASSERTIONS = NO;
				ENABLE_STRICT_OBJC_MSGSEND = YES;
				GCC_C_LANGUAGE_STANDARD = gnu99;
				GCC_WARN_64_TO_32_BIT_CONVERSION = YES;
				GCC_WARN_ABOUT_RETURN_TYPE = YES_ERROR;
				GCC_WARN_UNDECLARED_SELECTOR = YES;
				GCC_WARN_UNINITIALIZED_AUTOS = YES_AGGRESSIVE;
				GCC_WARN_UNUSED_FUNCTION = YES;
				GCC_WARN_UNUSED_VARIABLE = YES;
				IPHONEOS_DEPLOYMENT_TARGET = 8.0;
				METAL_ENABLE_DEBUG_INFO = NO;
				SDKROOT = iphoneos;
				VALIDATE_PRODUCT = YES;
			};
			name = Release;
		};
		1C94E3D21943D51800261E54 /* Debug */ = {
			isa = XCBuildConfiguration;
			buildSettings = {
				ASSETCATALOG_COMPILER_APPICON_NAME = AppIcon;
				ASSETCATALOG_COMPILER_LAUNCHIMAGE_NAME = LaunchImage;
				INFOPLIST_FILE = HackerNewsReader/Info.plist;
				LD_RUNPATH_SEARCH_PATHS = "$(inherited) @executable_path/Frameworks";
				PRODUCT_NAME = "$(TARGET_NAME)";
			};
			name = Debug;
		};
		1C94E3D31943D51800261E54 /* Release */ = {
			isa = XCBuildConfiguration;
			buildSettings = {
				ASSETCATALOG_COMPILER_APPICON_NAME = AppIcon;
				ASSETCATALOG_COMPILER_LAUNCHIMAGE_NAME = LaunchImage;
				INFOPLIST_FILE = HackerNewsReader/Info.plist;
				LD_RUNPATH_SEARCH_PATHS = "$(inherited) @executable_path/Frameworks";
				PRODUCT_NAME = "$(TARGET_NAME)";
			};
			name = Release;
		};
		1C94E3D51943D51800261E54 /* Debug */ = {
			isa = XCBuildConfiguration;
			buildSettings = {
				BUNDLE_LOADER = "$(BUILT_PRODUCTS_DIR)/HackerNewsReader.app/HackerNewsReader";
				FRAMEWORK_SEARCH_PATHS = (
					"$(SDKROOT)/Developer/Library/Frameworks",
					"$(inherited)",
				);
				GCC_PREPROCESSOR_DEFINITIONS = (
					"DEBUG=1",
					"$(inherited)",
				);
				INFOPLIST_FILE = HackerNewsReaderTests/Info.plist;
				LD_RUNPATH_SEARCH_PATHS = "$(inherited) @executable_path/Frameworks @loader_path/Frameworks";
				METAL_ENABLE_DEBUG_INFO = YES;
				PRODUCT_NAME = "$(TARGET_NAME)";
				TEST_HOST = "$(BUNDLE_LOADER)";
			};
			name = Debug;
		};
		1C94E3D61943D51800261E54 /* Release */ = {
			isa = XCBuildConfiguration;
			buildSettings = {
				BUNDLE_LOADER = "$(BUILT_PRODUCTS_DIR)/HackerNewsReader.app/HackerNewsReader";
				FRAMEWORK_SEARCH_PATHS = (
					"$(SDKROOT)/Developer/Library/Frameworks",
					"$(inherited)",
				);
				INFOPLIST_FILE = HackerNewsReaderTests/Info.plist;
				LD_RUNPATH_SEARCH_PATHS = "$(inherited) @executable_path/Frameworks @loader_path/Frameworks";
				METAL_ENABLE_DEBUG_INFO = NO;
				PRODUCT_NAME = "$(TARGET_NAME)";
				TEST_HOST = "$(BUNDLE_LOADER)";
			};
			name = Release;
		};
/* End XCBuildConfiguration section */

/* Begin XCConfigurationList section */
		1C94E3B51943D51700261E54 /* Build configuration list for PBXProject "HackerNewsReader" */ = {
			isa = XCConfigurationList;
			buildConfigurations = (
				1C94E3CF1943D51800261E54 /* Debug */,
				1C94E3D01943D51800261E54 /* Release */,
			);
			defaultConfigurationIsVisible = 0;
			defaultConfigurationName = Release;
		};
		1C94E3D11943D51800261E54 /* Build configuration list for PBXNativeTarget "HackerNewsReader" */ = {
			isa = XCConfigurationList;
			buildConfigurations = (
				1C94E3D21943D51800261E54 /* Debug */,
				1C94E3D31943D51800261E54 /* Release */,
			);
			defaultConfigurationIsVisible = 0;
			defaultConfigurationName = Release;
		};
		1C94E3D41943D51800261E54 /* Build configuration list for PBXNativeTarget "HackerNewsReaderTests" */ = {
			isa = XCConfigurationList;
			buildConfigurations = (
				1C94E3D51943D51800261E54 /* Debug */,
				1C94E3D61943D51800261E54 /* Release */,
			);
			defaultConfigurationIsVisible = 0;
			defaultConfigurationName = Release;
		};
/* End XCConfigurationList section */
	};
	rootObject = 1C94E3B21943D51700261E54 /* Project object */;
}
